// !$*UTF8*$!
{
	archiveVersion = 1;
	classes = {
	};
	objectVersion = 50;
	objects = {

/* Begin PBXBuildFile section */
		4D3270E42584705D00A2B580 /* AppDelegate.swift in Sources */ = {isa = PBXBuildFile; fileRef = 4D3270E32584705D00A2B580 /* AppDelegate.swift */; };
		4D3270E62584705D00A2B580 /* SceneDelegate.swift in Sources */ = {isa = PBXBuildFile; fileRef = 4D3270E52584705D00A2B580 /* SceneDelegate.swift */; };
		4D3270EB2584705D00A2B580 /* Main.storyboard in Resources */ = {isa = PBXBuildFile; fileRef = 4D3270E92584705D00A2B580 /* Main.storyboard */; };
		4D3270EE2584705D00A2B580 /* Travelogue.xcdatamodeld in Sources */ = {isa = PBXBuildFile; fileRef = 4D3270EC2584705D00A2B580 /* Travelogue.xcdatamodeld */; };
		4D3270F02584705F00A2B580 /* Assets.xcassets in Resources */ = {isa = PBXBuildFile; fileRef = 4D3270EF2584705F00A2B580 /* Assets.xcassets */; };
		4D3270F32584705F00A2B580 /* LaunchScreen.storyboard in Resources */ = {isa = PBXBuildFile; fileRef = 4D3270F12584705F00A2B580 /* LaunchScreen.storyboard */; };
		4D3270FE2584705F00A2B580 /* TravelogueTests.swift in Sources */ = {isa = PBXBuildFile; fileRef = 4D3270FD2584705F00A2B580 /* TravelogueTests.swift */; };
		4D3271092584705F00A2B580 /* TravelogueUITests.swift in Sources */ = {isa = PBXBuildFile; fileRef = 4D3271082584705F00A2B580 /* TravelogueUITests.swift */; };
		4D32711F2584719200A2B580 /* TripsViewController.swift in Sources */ = {isa = PBXBuildFile; fileRef = 4D32711E2584719200A2B580 /* TripsViewController.swift */; };
		4D327124258471B300A2B580 /* NewTripViewController.swift in Sources */ = {isa = PBXBuildFile; fileRef = 4D327123258471B300A2B580 /* NewTripViewController.swift */; };
		4D32712C2584740700A2B580 /* TripTableViewCell.swift in Sources */ = {isa = PBXBuildFile; fileRef = 4D32712B2584740700A2B580 /* TripTableViewCell.swift */; };
		4D32713725847C3900A2B580 /* TripsTableViewController.swift in Sources */ = {isa = PBXBuildFile; fileRef = 4D32713625847C3900A2B580 /* TripsTableViewController.swift */; };
/* End PBXBuildFile section */

/* Begin PBXContainerItemProxy section */
		4D3270FA2584705F00A2B580 /* PBXContainerItemProxy */ = {
			isa = PBXContainerItemProxy;
			containerPortal = 4D3270D82584705D00A2B580 /* Project object */;
			proxyType = 1;
			remoteGlobalIDString = 4D3270DF2584705D00A2B580;
			remoteInfo = Travelogue;
		};
		4D3271052584705F00A2B580 /* PBXContainerItemProxy */ = {
			isa = PBXContainerItemProxy;
			containerPortal = 4D3270D82584705D00A2B580 /* Project object */;
			proxyType = 1;
			remoteGlobalIDString = 4D3270DF2584705D00A2B580;
			remoteInfo = Travelogue;
		};
/* End PBXContainerItemProxy section */

/* Begin PBXFileReference section */
		4D3270E02584705D00A2B580 /* Travelogue.app */ = {isa = PBXFileReference; explicitFileType = wrapper.application; includeInIndex = 0; path = Travelogue.app; sourceTree = BUILT_PRODUCTS_DIR; };
		4D3270E32584705D00A2B580 /* AppDelegate.swift */ = {isa = PBXFileReference; lastKnownFileType = sourcecode.swift; path = AppDelegate.swift; sourceTree = "<group>"; };
		4D3270E52584705D00A2B580 /* SceneDelegate.swift */ = {isa = PBXFileReference; lastKnownFileType = sourcecode.swift; path = SceneDelegate.swift; sourceTree = "<group>"; };
		4D3270EA2584705D00A2B580 /* Base */ = {isa = PBXFileReference; lastKnownFileType = file.storyboard; name = Base; path = Base.lproj/Main.storyboard; sourceTree = "<group>"; };
		4D3270ED2584705D00A2B580 /* Travelogue.xcdatamodel */ = {isa = PBXFileReference; lastKnownFileType = wrapper.xcdatamodel; path = Travelogue.xcdatamodel; sourceTree = "<group>"; };
		4D3270EF2584705F00A2B580 /* Assets.xcassets */ = {isa = PBXFileReference; lastKnownFileType = folder.assetcatalog; path = Assets.xcassets; sourceTree = "<group>"; };
		4D3270F22584705F00A2B580 /* Base */ = {isa = PBXFileReference; lastKnownFileType = file.storyboard; name = Base; path = Base.lproj/LaunchScreen.storyboard; sourceTree = "<group>"; };
		4D3270F42584705F00A2B580 /* Info.plist */ = {isa = PBXFileReference; lastKnownFileType = text.plist.xml; path = Info.plist; sourceTree = "<group>"; };
		4D3270F92584705F00A2B580 /* TravelogueTests.xctest */ = {isa = PBXFileReference; explicitFileType = wrapper.cfbundle; includeInIndex = 0; path = TravelogueTests.xctest; sourceTree = BUILT_PRODUCTS_DIR; };
		4D3270FD2584705F00A2B580 /* TravelogueTests.swift */ = {isa = PBXFileReference; lastKnownFileType = sourcecode.swift; path = TravelogueTests.swift; sourceTree = "<group>"; };
		4D3270FF2584705F00A2B580 /* Info.plist */ = {isa = PBXFileReference; lastKnownFileType = text.plist.xml; path = Info.plist; sourceTree = "<group>"; };
		4D3271042584705F00A2B580 /* TravelogueUITests.xctest */ = {isa = PBXFileReference; explicitFileType = wrapper.cfbundle; includeInIndex = 0; path = TravelogueUITests.xctest; sourceTree = BUILT_PRODUCTS_DIR; };
		4D3271082584705F00A2B580 /* TravelogueUITests.swift */ = {isa = PBXFileReference; lastKnownFileType = sourcecode.swift; path = TravelogueUITests.swift; sourceTree = "<group>"; };
		4D32710A2584705F00A2B580 /* Info.plist */ = {isa = PBXFileReference; lastKnownFileType = text.plist.xml; path = Info.plist; sourceTree = "<group>"; };
		4D32711E2584719200A2B580 /* TripsViewController.swift */ = {isa = PBXFileReference; lastKnownFileType = sourcecode.swift; path = TripsViewController.swift; sourceTree = "<group>"; };
		4D327123258471B300A2B580 /* NewTripViewController.swift */ = {isa = PBXFileReference; lastKnownFileType = sourcecode.swift; path = NewTripViewController.swift; sourceTree = "<group>"; };
		4D32712B2584740700A2B580 /* TripTableViewCell.swift */ = {isa = PBXFileReference; lastKnownFileType = sourcecode.swift; name = TripTableViewCell.swift; path = Travelogue/TripTableViewCell.swift; sourceTree = SOURCE_ROOT; };
		4D32713625847C3900A2B580 /* TripsTableViewController.swift */ = {isa = PBXFileReference; lastKnownFileType = sourcecode.swift; path = TripsTableViewController.swift; sourceTree = "<group>"; };
/* End PBXFileReference section */

/* Begin PBXFrameworksBuildPhase section */
		4D3270DD2584705D00A2B580 /* Frameworks */ = {
			isa = PBXFrameworksBuildPhase;
			buildActionMask = 2147483647;
			files = (
			);
			runOnlyForDeploymentPostprocessing = 0;
		};
		4D3270F62584705F00A2B580 /* Frameworks */ = {
			isa = PBXFrameworksBuildPhase;
			buildActionMask = 2147483647;
			files = (
			);
			runOnlyForDeploymentPostprocessing = 0;
		};
		4D3271012584705F00A2B580 /* Frameworks */ = {
			isa = PBXFrameworksBuildPhase;
			buildActionMask = 2147483647;
			files = (
			);
			runOnlyForDeploymentPostprocessing = 0;
		};
/* End PBXFrameworksBuildPhase section */

/* Begin PBXGroup section */
		4D3270D72584705D00A2B580 = {
			isa = PBXGroup;
			children = (
				4D3270E22584705D00A2B580 /* Travelogue */,
				4D3270FC2584705F00A2B580 /* TravelogueTests */,
				4D3271072584705F00A2B580 /* TravelogueUITests */,
				4D3270E12584705D00A2B580 /* Products */,
			);
			sourceTree = "<group>";
		};
		4D3270E12584705D00A2B580 /* Products */ = {
			isa = PBXGroup;
			children = (
				4D3270E02584705D00A2B580 /* Travelogue.app */,
				4D3270F92584705F00A2B580 /* TravelogueTests.xctest */,
				4D3271042584705F00A2B580 /* TravelogueUITests.xctest */,
			);
			name = Products;
			sourceTree = "<group>";
		};
		4D3270E22584705D00A2B580 /* Travelogue */ = {
			isa = PBXGroup;
			children = (
				4D32712B2584740700A2B580 /* TripTableViewCell.swift */,
				4D32711A2584709E00A2B580 /* Controller */,
				4D3271192584708F00A2B580 /* Model */,
				4D3270E32584705D00A2B580 /* AppDelegate.swift */,
				4D3270E52584705D00A2B580 /* SceneDelegate.swift */,
				4D3270E92584705D00A2B580 /* Main.storyboard */,
				4D3270EF2584705F00A2B580 /* Assets.xcassets */,
				4D3270F12584705F00A2B580 /* LaunchScreen.storyboard */,
				4D3270F42584705F00A2B580 /* Info.plist */,
				4D3270EC2584705D00A2B580 /* Travelogue.xcdatamodeld */,
			);
			path = Travelogue;
			sourceTree = "<group>";
		};
		4D3270FC2584705F00A2B580 /* TravelogueTests */ = {
			isa = PBXGroup;
			children = (
				4D3270FD2584705F00A2B580 /* TravelogueTests.swift */,
				4D3270FF2584705F00A2B580 /* Info.plist */,
			);
			path = TravelogueTests;
			sourceTree = "<group>";
		};
		4D3271072584705F00A2B580 /* TravelogueUITests */ = {
			isa = PBXGroup;
			children = (
				4D3271082584705F00A2B580 /* TravelogueUITests.swift */,
				4D32710A2584705F00A2B580 /* Info.plist */,
			);
			path = TravelogueUITests;
			sourceTree = "<group>";
		};
		4D3271192584708F00A2B580 /* Model */ = {
			isa = PBXGroup;
			children = (
			);
			path = Model;
			sourceTree = "<group>";
		};
		4D32711A2584709E00A2B580 /* Controller */ = {
			isa = PBXGroup;
			children = (
				4D32711E2584719200A2B580 /* TripsViewController.swift */,
				4D32713625847C3900A2B580 /* TripsTableViewController.swift */,
				4D327123258471B300A2B580 /* NewTripViewController.swift */,
			);
			path = Controller;
			sourceTree = "<group>";
		};
/* End PBXGroup section */

/* Begin PBXNativeTarget section */
		4D3270DF2584705D00A2B580 /* Travelogue */ = {
			isa = PBXNativeTarget;
			buildConfigurationList = 4D32710D2584705F00A2B580 /* Build configuration list for PBXNativeTarget "Travelogue" */;
			buildPhases = (
				4D3270DC2584705D00A2B580 /* Sources */,
				4D3270DD2584705D00A2B580 /* Frameworks */,
				4D3270DE2584705D00A2B580 /* Resources */,
			);
			buildRules = (
			);
			dependencies = (
			);
			name = Travelogue;
			productName = Travelogue;
			productReference = 4D3270E02584705D00A2B580 /* Travelogue.app */;
			productType = "com.apple.product-type.application";
		};
		4D3270F82584705F00A2B580 /* TravelogueTests */ = {
			isa = PBXNativeTarget;
			buildConfigurationList = 4D3271102584705F00A2B580 /* Build configuration list for PBXNativeTarget "TravelogueTests" */;
			buildPhases = (
				4D3270F52584705F00A2B580 /* Sources */,
				4D3270F62584705F00A2B580 /* Frameworks */,
				4D3270F72584705F00A2B580 /* Resources */,
			);
			buildRules = (
			);
			dependencies = (
				4D3270FB2584705F00A2B580 /* PBXTargetDependency */,
			);
			name = TravelogueTests;
			productName = TravelogueTests;
			productReference = 4D3270F92584705F00A2B580 /* TravelogueTests.xctest */;
			productType = "com.apple.product-type.bundle.unit-test";
		};
		4D3271032584705F00A2B580 /* TravelogueUITests */ = {
			isa = PBXNativeTarget;
			buildConfigurationList = 4D3271132584705F00A2B580 /* Build configuration list for PBXNativeTarget "TravelogueUITests" */;
			buildPhases = (
				4D3271002584705F00A2B580 /* Sources */,
				4D3271012584705F00A2B580 /* Frameworks */,
				4D3271022584705F00A2B580 /* Resources */,
			);
			buildRules = (
			);
			dependencies = (
				4D3271062584705F00A2B580 /* PBXTargetDependency */,
			);
			name = TravelogueUITests;
			productName = TravelogueUITests;
			productReference = 4D3271042584705F00A2B580 /* TravelogueUITests.xctest */;
			productType = "com.apple.product-type.bundle.ui-testing";
		};
/* End PBXNativeTarget section */

/* Begin PBXProject section */
		4D3270D82584705D00A2B580 /* Project object */ = {
			isa = PBXProject;
			attributes = {
				LastSwiftUpdateCheck = 1220;
				LastUpgradeCheck = 1220;
				TargetAttributes = {
					4D3270DF2584705D00A2B580 = {
						CreatedOnToolsVersion = 12.2;
					};
					4D3270F82584705F00A2B580 = {
						CreatedOnToolsVersion = 12.2;
						TestTargetID = 4D3270DF2584705D00A2B580;
					};
					4D3271032584705F00A2B580 = {
						CreatedOnToolsVersion = 12.2;
						TestTargetID = 4D3270DF2584705D00A2B580;
					};
				};
			};
			buildConfigurationList = 4D3270DB2584705D00A2B580 /* Build configuration list for PBXProject "Travelogue" */;
			compatibilityVersion = "Xcode 9.3";
			developmentRegion = en;
			hasScannedForEncodings = 0;
			knownRegions = (
				en,
				Base,
			);
			mainGroup = 4D3270D72584705D00A2B580;
			productRefGroup = 4D3270E12584705D00A2B580 /* Products */;
			projectDirPath = "";
			projectRoot = "";
			targets = (
				4D3270DF2584705D00A2B580 /* Travelogue */,
				4D3270F82584705F00A2B580 /* TravelogueTests */,
				4D3271032584705F00A2B580 /* TravelogueUITests */,
			);
		};
/* End PBXProject section */

/* Begin PBXResourcesBuildPhase section */
		4D3270DE2584705D00A2B580 /* Resources */ = {
			isa = PBXResourcesBuildPhase;
			buildActionMask = 2147483647;
			files = (
				4D3270F32584705F00A2B580 /* LaunchScreen.storyboard in Resources */,
				4D3270F02584705F00A2B580 /* Assets.xcassets in Resources */,
				4D3270EB2584705D00A2B580 /* Main.storyboard in Resources */,
			);
			runOnlyForDeploymentPostprocessing = 0;
		};
		4D3270F72584705F00A2B580 /* Resources */ = {
			isa = PBXResourcesBuildPhase;
			buildActionMask = 2147483647;
			files = (
			);
			runOnlyForDeploymentPostprocessing = 0;
		};
		4D3271022584705F00A2B580 /* Resources */ = {
			isa = PBXResourcesBuildPhase;
			buildActionMask = 2147483647;
			files = (
			);
			runOnlyForDeploymentPostprocessing = 0;
		};
/* End PBXResourcesBuildPhase section */

/* Begin PBXSourcesBuildPhase section */
		4D3270DC2584705D00A2B580 /* Sources */ = {
			isa = PBXSourcesBuildPhase;
			buildActionMask = 2147483647;
			files = (
				4D32712C2584740700A2B580 /* TripTableViewCell.swift in Sources */,
				4D3270EE2584705D00A2B580 /* Travelogue.xcdatamodeld in Sources */,
				4D32711F2584719200A2B580 /* TripsViewController.swift in Sources */,
				4D327124258471B300A2B580 /* NewTripViewController.swift in Sources */,
				4D3270E42584705D00A2B580 /* AppDelegate.swift in Sources */,
				4D3270E62584705D00A2B580 /* SceneDelegate.swift in Sources */,
				4D32713725847C3900A2B580 /* TripsTableViewController.swift in Sources */,
			);
			runOnlyForDeploymentPostprocessing = 0;
		};
		4D3270F52584705F00A2B580 /* Sources */ = {
			isa = PBXSourcesBuildPhase;
			buildActionMask = 2147483647;
			files = (
				4D3270FE2584705F00A2B580 /* TravelogueTests.swift in Sources */,
			);
			runOnlyForDeploymentPostprocessing = 0;
		};
		4D3271002584705F00A2B580 /* Sources */ = {
			isa = PBXSourcesBuildPhase;
			buildActionMask = 2147483647;
			files = (
				4D3271092584705F00A2B580 /* TravelogueUITests.swift in Sources */,
			);
			runOnlyForDeploymentPostprocessing = 0;
		};
/* End PBXSourcesBuildPhase section */

/* Begin PBXTargetDependency section */
		4D3270FB2584705F00A2B580 /* PBXTargetDependency */ = {
			isa = PBXTargetDependency;
			target = 4D3270DF2584705D00A2B580 /* Travelogue */;
			targetProxy = 4D3270FA2584705F00A2B580 /* PBXContainerItemProxy */;
		};
		4D3271062584705F00A2B580 /* PBXTargetDependency */ = {
			isa = PBXTargetDependency;
			target = 4D3270DF2584705D00A2B580 /* Travelogue */;
			targetProxy = 4D3271052584705F00A2B580 /* PBXContainerItemProxy */;
		};
/* End PBXTargetDependency section */

/* Begin PBXVariantGroup section */
		4D3270E92584705D00A2B580 /* Main.storyboard */ = {
			isa = PBXVariantGroup;
			children = (
				4D3270EA2584705D00A2B580 /* Base */,
			);
			name = Main.storyboard;
			sourceTree = "<group>";
		};
		4D3270F12584705F00A2B580 /* LaunchScreen.storyboard */ = {
			isa = PBXVariantGroup;
			children = (
				4D3270F22584705F00A2B580 /* Base */,
			);
			name = LaunchScreen.storyboard;
			sourceTree = "<group>";
		};
/* End PBXVariantGroup section */

/* Begin XCBuildConfiguration section */
		4D32710B2584705F00A2B580 /* Debug */ = {
			isa = XCBuildConfiguration;
			buildSettings = {
				ALWAYS_SEARCH_USER_PATHS = NO;
				CLANG_ANALYZER_NONNULL = YES;
				CLANG_ANALYZER_NUMBER_OBJECT_CONVERSION = YES_AGGRESSIVE;
				CLANG_CXX_LANGUAGE_STANDARD = "gnu++14";
				CLANG_CXX_LIBRARY = "libc++";
				CLANG_ENABLE_MODULES = YES;
				CLANG_ENABLE_OBJC_ARC = YES;
				CLANG_ENABLE_OBJC_WEAK = YES;
				CLANG_WARN_BLOCK_CAPTURE_AUTORELEASING = YES;
				CLANG_WARN_BOOL_CONVERSION = YES;
				CLANG_WARN_COMMA = YES;
				CLANG_WARN_CONSTANT_CONVERSION = YES;
				CLANG_WARN_DEPRECATED_OBJC_IMPLEMENTATIONS = YES;
				CLANG_WARN_DIRECT_OBJC_ISA_USAGE = YES_ERROR;
				CLANG_WARN_DOCUMENTATION_COMMENTS = YES;
				CLANG_WARN_EMPTY_BODY = YES;
				CLANG_WARN_ENUM_CONVERSION = YES;
				CLANG_WARN_INFINITE_RECURSION = YES;
				CLANG_WARN_INT_CONVERSION = YES;
				CLANG_WARN_NON_LITERAL_NULL_CONVERSION = YES;
				CLANG_WARN_OBJC_IMPLICIT_RETAIN_SELF = YES;
				CLANG_WARN_OBJC_LITERAL_CONVERSION = YES;
				CLANG_WARN_OBJC_ROOT_CLASS = YES_ERROR;
				CLANG_WARN_QUOTED_INCLUDE_IN_FRAMEWORK_HEADER = YES;
				CLANG_WARN_RANGE_LOOP_ANALYSIS = YES;
				CLANG_WARN_STRICT_PROTOTYPES = YES;
				CLANG_WARN_SUSPICIOUS_MOVE = YES;
				CLANG_WARN_UNGUARDED_AVAILABILITY = YES_AGGRESSIVE;
				CLANG_WARN_UNREACHABLE_CODE = YES;
				CLANG_WARN__DUPLICATE_METHOD_MATCH = YES;
				COPY_PHASE_STRIP = NO;
				DEBUG_INFORMATION_FORMAT = dwarf;
				ENABLE_STRICT_OBJC_MSGSEND = YES;
				ENABLE_TESTABILITY = YES;
				GCC_C_LANGUAGE_STANDARD = gnu11;
				GCC_DYNAMIC_NO_PIC = NO;
				GCC_NO_COMMON_BLOCKS = YES;
				GCC_OPTIMIZATION_LEVEL = 0;
				GCC_PREPROCESSOR_DEFINITIONS = (
					"DEBUG=1",
					"$(inherited)",
				);
				GCC_WARN_64_TO_32_BIT_CONVERSION = YES;
				GCC_WARN_ABOUT_RETURN_TYPE = YES_ERROR;
				GCC_WARN_UNDECLARED_SELECTOR = YES;
				GCC_WARN_UNINITIALIZED_AUTOS = YES_AGGRESSIVE;
				GCC_WARN_UNUSED_FUNCTION = YES;
				GCC_WARN_UNUSED_VARIABLE = YES;
				IPHONEOS_DEPLOYMENT_TARGET = 14.2;
				MTL_ENABLE_DEBUG_INFO = INCLUDE_SOURCE;
				MTL_FAST_MATH = YES;
				ONLY_ACTIVE_ARCH = YES;
				SDKROOT = iphoneos;
				SWIFT_ACTIVE_COMPILATION_CONDITIONS = DEBUG;
				SWIFT_OPTIMIZATION_LEVEL = "-Onone";
			};
			name = Debug;
		};
		4D32710C2584705F00A2B580 /* Release */ = {
			isa = XCBuildConfiguration;
			buildSettings = {
				ALWAYS_SEARCH_USER_PATHS = NO;
				CLANG_ANALYZER_NONNULL = YES;
				CLANG_ANALYZER_NUMBER_OBJECT_CONVERSION = YES_AGGRESSIVE;
				CLANG_CXX_LANGUAGE_STANDARD = "gnu++14";
				CLANG_CXX_LIBRARY = "libc++";
				CLANG_ENABLE_MODULES = YES;
				CLANG_ENABLE_OBJC_ARC = YES;
				CLANG_ENABLE_OBJC_WEAK = YES;
				CLANG_WARN_BLOCK_CAPTURE_AUTORELEASING = YES;
				CLANG_WARN_BOOL_CONVERSION = YES;
				CLANG_WARN_COMMA = YES;
				CLANG_WARN_CONSTANT_CONVERSION = YES;
				CLANG_WARN_DEPRECATED_OBJC_IMPLEMENTATIONS = YES;
				CLANG_WARN_DIRECT_OBJC_ISA_USAGE = YES_ERROR;
				CLANG_WARN_DOCUMENTATION_COMMENTS = YES;
				CLANG_WARN_EMPTY_BODY = YES;
				CLANG_WARN_ENUM_CONVERSION = YES;
				CLANG_WARN_INFINITE_RECURSION = YES;
				CLANG_WARN_INT_CONVERSION = YES;
				CLANG_WARN_NON_LITERAL_NULL_CONVERSION = YES;
				CLANG_WARN_OBJC_IMPLICIT_RETAIN_SELF = YES;
				CLANG_WARN_OBJC_LITERAL_CONVERSION = YES;
				CLANG_WARN_OBJC_ROOT_CLASS = YES_ERROR;
				CLANG_WARN_QUOTED_INCLUDE_IN_FRAMEWORK_HEADER = YES;
				CLANG_WARN_RANGE_LOOP_ANALYSIS = YES;
				CLANG_WARN_STRICT_PROTOTYPES = YES;
				CLANG_WARN_SUSPICIOUS_MOVE = YES;
				CLANG_WARN_UNGUARDED_AVAILABILITY = YES_AGGRESSIVE;
				CLANG_WARN_UNREACHABLE_CODE = YES;
				CLANG_WARN__DUPLICATE_METHOD_MATCH = YES;
				COPY_PHASE_STRIP = NO;
				DEBUG_INFORMATION_FORMAT = "dwarf-with-dsym";
				ENABLE_NS_ASSERTIONS = NO;
				ENABLE_STRICT_OBJC_MSGSEND = YES;
				GCC_C_LANGUAGE_STANDARD = gnu11;
				GCC_NO_COMMON_BLOCKS = YES;
				GCC_WARN_64_TO_32_BIT_CONVERSION = YES;
				GCC_WARN_ABOUT_RETURN_TYPE = YES_ERROR;
				GCC_WARN_UNDECLARED_SELECTOR = YES;
				GCC_WARN_UNINITIALIZED_AUTOS = YES_AGGRESSIVE;
				GCC_WARN_UNUSED_FUNCTION = YES;
				GCC_WARN_UNUSED_VARIABLE = YES;
				IPHONEOS_DEPLOYMENT_TARGET = 14.2;
				MTL_ENABLE_DEBUG_INFO = NO;
				MTL_FAST_MATH = YES;
				SDKROOT = iphoneos;
				SWIFT_COMPILATION_MODE = wholemodule;
				SWIFT_OPTIMIZATION_LEVEL = "-O";
				VALIDATE_PRODUCT = YES;
			};
			name = Release;
		};
		4D32710E2584705F00A2B580 /* Debug */ = {
			isa = XCBuildConfiguration;
			buildSettings = {
				ASSETCATALOG_COMPILER_APPICON_NAME = AppIcon;
				ASSETCATALOG_COMPILER_GLOBAL_ACCENT_COLOR_NAME = AccentColor;
				CODE_SIGN_STYLE = Automatic;
				DEVELOPMENT_TEAM = 4FTKKNZ5G7;
				INFOPLIST_FILE = Travelogue/Info.plist;
				LD_RUNPATH_SEARCH_PATHS = (
					"$(inherited)",
					"@executable_path/Frameworks",
				);
				PRODUCT_BUNDLE_IDENTIFIER = INFOTC4405.Travelogue;
				PRODUCT_NAME = "$(TARGET_NAME)";
				SWIFT_VERSION = 5.0;
				TARGETED_DEVICE_FAMILY = "1,2";
			};
			name = Debug;
		};
		4D32710F2584705F00A2B580 /* Release */ = {
			isa = XCBuildConfiguration;
			buildSettings = {
				ASSETCATALOG_COMPILER_APPICON_NAME = AppIcon;
				ASSETCATALOG_COMPILER_GLOBAL_ACCENT_COLOR_NAME = AccentColor;
				CODE_SIGN_STYLE = Automatic;
				DEVELOPMENT_TEAM = 4FTKKNZ5G7;
				INFOPLIST_FILE = Travelogue/Info.plist;
				LD_RUNPATH_SEARCH_PATHS = (
					"$(inherited)",
					"@executable_path/Frameworks",
				);
				PRODUCT_BUNDLE_IDENTIFIER = INFOTC4405.Travelogue;
				PRODUCT_NAME = "$(TARGET_NAME)";
				SWIFT_VERSION = 5.0;
				TARGETED_DEVICE_FAMILY = "1,2";
			};
			name = Release;
		};
		4D3271112584705F00A2B580 /* Debug */ = {
			isa = XCBuildConfiguration;
			buildSettings = {
				ALWAYS_EMBED_SWIFT_STANDARD_LIBRARIES = YES;
				BUNDLE_LOADER = "$(TEST_HOST)";
				CODE_SIGN_STYLE = Automatic;
				DEVELOPMENT_TEAM = 4FTKKNZ5G7;
				INFOPLIST_FILE = TravelogueTests/Info.plist;
				IPHONEOS_DEPLOYMENT_TARGET = 14.2;
				LD_RUNPATH_SEARCH_PATHS = (
					"$(inherited)",
					"@executable_path/Frameworks",
					"@loader_path/Frameworks",
				);
				PRODUCT_BUNDLE_IDENTIFIER = INFOTC4405.TravelogueTests;
				PRODUCT_NAME = "$(TARGET_NAME)";
				SWIFT_VERSION = 5.0;
				TARGETED_DEVICE_FAMILY = "1,2";
				TEST_HOST = "$(BUILT_PRODUCTS_DIR)/Travelogue.app/Travelogue";
			};
			name = Debug;
		};
		4D3271122584705F00A2B580 /* Release */ = {
			isa = XCBuildConfiguration;
			buildSettings = {
				ALWAYS_EMBED_SWIFT_STANDARD_LIBRARIES = YES;
				BUNDLE_LOADER = "$(TEST_HOST)";
				CODE_SIGN_STYLE = Automatic;
				DEVELOPMENT_TEAM = 4FTKKNZ5G7;
				INFOPLIST_FILE = TravelogueTests/Info.plist;
				IPHONEOS_DEPLOYMENT_TARGET = 14.2;
				LD_RUNPATH_SEARCH_PATHS = (
					"$(inherited)",
					"@executable_path/Frameworks",
					"@loader_path/Frameworks",
				);
				PRODUCT_BUNDLE_IDENTIFIER = INFOTC4405.TravelogueTests;
				PRODUCT_NAME = "$(TARGET_NAME)";
				SWIFT_VERSION = 5.0;
				TARGETED_DEVICE_FAMILY = "1,2";
				TEST_HOST = "$(BUILT_PRODUCTS_DIR)/Travelogue.app/Travelogue";
			};
			name = Release;
		};
		4D3271142584705F00A2B580 /* Debug */ = {
			isa = XCBuildConfiguration;
			buildSettings = {
				ALWAYS_EMBED_SWIFT_STANDARD_LIBRARIES = YES;
				CODE_SIGN_STYLE = Automatic;
				DEVELOPMENT_TEAM = 4FTKKNZ5G7;
				INFOPLIST_FILE = TravelogueUITests/Info.plist;
				LD_RUNPATH_SEARCH_PATHS = (
					"$(inherited)",
					"@executable_path/Frameworks",
					"@loader_path/Frameworks",
				);
				PRODUCT_BUNDLE_IDENTIFIER = INFOTC4405.TravelogueUITests;
				PRODUCT_NAME = "$(TARGET_NAME)";
				SWIFT_VERSION = 5.0;
				TARGETED_DEVICE_FAMILY = "1,2";
				TEST_TARGET_NAME = Travelogue;
			};
			name = Debug;
		};
		4D3271152584705F00A2B580 /* Release */ = {
			isa = XCBuildConfiguration;
			buildSettings = {
				ALWAYS_EMBED_SWIFT_STANDARD_LIBRARIES = YES;
				CODE_SIGN_STYLE = Automatic;
				DEVELOPMENT_TEAM = 4FTKKNZ5G7;
				INFOPLIST_FILE = TravelogueUITests/Info.plist;
				LD_RUNPATH_SEARCH_PATHS = (
					"$(inherited)",
					"@executable_path/Frameworks",
					"@loader_path/Frameworks",
				);
				PRODUCT_BUNDLE_IDENTIFIER = INFOTC4405.TravelogueUITests;
				PRODUCT_NAME = "$(TARGET_NAME)";
				SWIFT_VERSION = 5.0;
				TARGETED_DEVICE_FAMILY = "1,2";
				TEST_TARGET_NAME = Travelogue;
			};
			name = Release;
		};
/* End XCBuildConfiguration section */

/* Begin XCConfigurationList section */
		4D3270DB2584705D00A2B580 /* Build configuration list for PBXProject "Travelogue" */ = {
			isa = XCConfigurationList;
			buildConfigurations = (
				4D32710B2584705F00A2B580 /* Debug */,
				4D32710C2584705F00A2B580 /* Release */,
			);
			defaultConfigurationIsVisible = 0;
			defaultConfigurationName = Release;
		};
		4D32710D2584705F00A2B580 /* Build configuration list for PBXNativeTarget "Travelogue" */ = {
			isa = XCConfigurationList;
			buildConfigurations = (
				4D32710E2584705F00A2B580 /* Debug */,
				4D32710F2584705F00A2B580 /* Release */,
			);
			defaultConfigurationIsVisible = 0;
			defaultConfigurationName = Release;
		};
		4D3271102584705F00A2B580 /* Build configuration list for PBXNativeTarget "TravelogueTests" */ = {
			isa = XCConfigurationList;
			buildConfigurations = (
				4D3271112584705F00A2B580 /* Debug */,
				4D3271122584705F00A2B580 /* Release */,
			);
			defaultConfigurationIsVisible = 0;
			defaultConfigurationName = Release;
		};
		4D3271132584705F00A2B580 /* Build configuration list for PBXNativeTarget "TravelogueUITests" */ = {
			isa = XCConfigurationList;
			buildConfigurations = (
				4D3271142584705F00A2B580 /* Debug */,
				4D3271152584705F00A2B580 /* Release */,
			);
			defaultConfigurationIsVisible = 0;
			defaultConfigurationName = Release;
		};
/* End XCConfigurationList section */

/* Begin XCVersionGroup section */
		4D3270EC2584705D00A2B580 /* Travelogue.xcdatamodeld */ = {
			isa = XCVersionGroup;
			children = (
				4D3270ED2584705D00A2B580 /* Travelogue.xcdatamodel */,
			);
			currentVersion = 4D3270ED2584705D00A2B580 /* Travelogue.xcdatamodel */;
			path = Travelogue.xcdatamodeld;
			sourceTree = "<group>";
			versionGroupType = wrapper.xcdatamodel;
		};
/* End XCVersionGroup section */
	};
	rootObject = 4D3270D82584705D00A2B580 /* Project object */;
}
